
Microsoft Visual Studio Solution File, Format Version 12.00
Project("{FAE04EC0-301F-11D3-BF4B-00C04F79EFBC}") = "TaskManagement", "TaskManagement\TaskManagement.csproj", "{D56656DD-5190-4C11-ADA5-0739023735DA}"
EndProject
Project("{FAE04EC0-301F-11D3-BF4B-00C04F79EFBC}") = "TaskManagement.Tests", "TaskManagement.Tests\TaskManagement.Tests.csproj", "{5F28FE2A-DB99-468A-816F-4147A47E12BD}"
EndProject
Global
	GlobalSection(SolutionConfigurationPlatforms) = preSolution
		Debug|Any CPU = Debug|Any CPU
		Release|Any CPU = Release|Any CPU
	EndGlobalSection
	GlobalSection(ProjectConfigurationPlatforms) = postSolution
		{D56656DD-5190-4C11-ADA5-0739023735DA}.Debug|Any CPU.ActiveCfg = Debug|Any CPU
		{D56656DD-5190-4C11-ADA5-0739023735DA}.Debug|Any CPU.Build.0 = Debug|Any CPU
		{D56656DD-5190-4C11-ADA5-0739023735DA}.Release|Any CPU.ActiveCfg = Release|Any CPU
		{D56656DD-5190-4C11-ADA5-0739023735DA}.Release|Any CPU.Build.0 = Release|Any CPU
		{5F28FE2A-DB99-468A-816F-4147A47E12BD}.Debug|Any CPU.ActiveCfg = Debug|Any CPU
		{5F28FE2A-DB99-468A-816F-4147A47E12BD}.Debug|Any CPU.Build.0 = Debug|Any CPU
		{5F28FE2A-DB99-468A-816F-4147A47E12BD}.Release|Any CPU.ActiveCfg = Release|Any CPU
		{5F28FE2A-DB99-468A-816F-4147A47E12BD}.Release|Any CPU.Build.0 = Release|Any CPU
	EndGlobalSection
EndGlobal
